
Microsoft Visual Studio Solution File, Format Version 11.00
# Visual Studio 2010
Project("{888888A0-9F3D-457C-B088-3A5042F75D52}") = "detect_and_locate_Net", "detect_and_locate_Net\detect_and_locate_Net.pyproj", "{EBF4964B-A1C4-40D3-BEAF-845139219519}"
EndProject
Global
	GlobalSection(SolutionConfigurationPlatforms) = preSolution
		Debug|Any CPU = Debug|Any CPU
		Release|Any CPU = Release|Any CPU
	EndGlobalSection
	GlobalSection(ProjectConfigurationPlatforms) = postSolution
		{EBF4964B-A1C4-40D3-BEAF-845139219519}.Debug|Any CPU.ActiveCfg = Debug|Any CPU
		{EBF4964B-A1C4-40D3-BEAF-845139219519}.Release|Any CPU.ActiveCfg = Release|Any CPU
	EndGlobalSection
	GlobalSection(SolutionProperties) = preSolution
		HideSolutionNode = FALSE
	EndGlobalSection
EndGlobal
